
Microsoft Visual Studio Solution File, Format Version 12.00
# Visual Studio Version 17
VisualStudioVersion = 17.0.31903.59
MinimumVisualStudioVersion = 10.0.40219.1
Project("{2150E333-8FDC-42A3-9474-1A3956D46DE8}") = "src", "src", "{827E0CD3-B72D-47B6-A68D-7590B98EB39B}"
EndProject
Project("{FAE04EC0-301F-11D3-BF4B-00C04F79EFBC}") = "ClassroomAgent.ControlPlane", "src\ClassroomAgent.ControlPlane\ClassroomAgent.ControlPlane.csproj", "{891BEFE8-5623-4CA0-84F4-C2999A6C2911}"
EndProject
Project("{2150E333-8FDC-42A3-9474-1A3956D46DE8}") = "tests", "tests", "{0AB3BF05-4346-4AA6-1389-037BE0695223}"
EndProject
Project("{FAE04EC0-301F-11D3-BF4B-00C04F79EFBC}") = "ClassroomAgent.Tests", "tests\ClassroomAgent.Tests\ClassroomAgent.Tests.csproj", "{F53BFCAD-E097-4D8E-8617-44FEB1DDFFD2}"
EndProject
Project("{FAE04EC0-301F-11D3-BF4B-00C04F79EFBC}") = "ClassroomAgent.Domain", "src\ClassroomAgent.Domain\ClassroomAgent.Domain.csproj", "{B954CF41-9682-4127-A49A-22FC77C1A4D6}"
EndProject
Project("{FAE04EC0-301F-11D3-BF4B-00C04F79EFBC}") = "ClassroomAgent.Contracts", "src\ClassroomAgent.Contracts\ClassroomAgent.Contracts.csproj", "{CD56678F-4D1A-4AD9-AF54-3B4AAC31B5CE}"
EndProject
Project("{FAE04EC0-301F-11D3-BF4B-00C04F79EFBC}") = "ClassroomAgent.Application", "src\ClassroomAgent.Application\ClassroomAgent.Application.csproj", "{9A122EE4-108F-4AC4-AC6B-E790B6512521}"
EndProject
Project("{FAE04EC0-301F-11D3-BF4B-00C04F79EFBC}") = "ClassroomAgent.Infrastructure", "src\ClassroomAgent.Infrastructure\ClassroomAgent.Infrastructure.csproj", "{D99D8EDF-EA86-4B34-BDD2-BECC3F2DBEBD}"
EndProject
Project("{FAE04EC0-301F-11D3-BF4B-00C04F79EFBC}") = "ClassroomAgent.Web", "src\ClassroomAgent.Web\ClassroomAgent.Web.csproj", "{6B04B9CA-4DC1-45F0-9A4A-18C3BBB45F67}"
EndProject
Global
	GlobalSection(SolutionConfigurationPlatforms) = preSolution
		Debug|Any CPU = Debug|Any CPU
		Debug|x64 = Debug|x64
		Debug|x86 = Debug|x86
		Release|Any CPU = Release|Any CPU
		Release|x64 = Release|x64
		Release|x86 = Release|x86
	EndGlobalSection
	GlobalSection(ProjectConfigurationPlatforms) = postSolution
		{891BEFE8-5623-4CA0-84F4-C2999A6C2911}.Debug|Any CPU.ActiveCfg = Debug|Any CPU
		{891BEFE8-5623-4CA0-84F4-C2999A6C2911}.Debug|Any CPU.Build.0 = Debug|Any CPU
		{891BEFE8-5623-4CA0-84F4-C2999A6C2911}.Debug|x64.ActiveCfg = Debug|Any CPU
		{891BEFE8-5623-4CA0-84F4-C2999A6C2911}.Debug|x64.Build.0 = Debug|Any CPU
		{891BEFE8-5623-4CA0-84F4-C2999A6C2911}.Debug|x86.ActiveCfg = Debug|Any CPU
		{891BEFE8-5623-4CA0-84F4-C2999A6C2911}.Debug|x86.Build.0 = Debug|Any CPU
		{891BEFE8-5623-4CA0-84F4-C2999A6C2911}.Release|Any CPU.ActiveCfg = Release|Any CPU
		{891BEFE8-5623-4CA0-84F4-C2999A6C2911}.Release|Any CPU.Build.0 = Release|Any CPU
		{891BEFE8-5623-4CA0-84F4-C2999A6C2911}.Release|x64.ActiveCfg = Release|Any CPU
		{891BEFE8-5623-4CA0-84F4-C2999A6C2911}.Release|x64.Build.0 = Release|Any CPU
		{891BEFE8-5623-4CA0-84F4-C2999A6C2911}.Release|x86.ActiveCfg = Release|Any CPU
		{891BEFE8-5623-4CA0-84F4-C2999A6C2911}.Release|x86.Build.0 = Release|Any CPU
		{F53BFCAD-E097-4D8E-8617-44FEB1DDFFD2}.Debug|Any CPU.ActiveCfg = Debug|Any CPU
		{F53BFCAD-E097-4D8E-8617-44FEB1DDFFD2}.Debug|Any CPU.Build.0 = Debug|Any CPU
		{F53BFCAD-E097-4D8E-8617-44FEB1DDFFD2}.Debug|x64.ActiveCfg = Debug|Any CPU
		{F53BFCAD-E097-4D8E-8617-44FEB1DDFFD2}.Debug|x64.Build.0 = Debug|Any CPU
		{F53BFCAD-E097-4D8E-8617-44FEB1DDFFD2}.Debug|x86.ActiveCfg = Debug|Any CPU
		{F53BFCAD-E097-4D8E-8617-44FEB1DDFFD2}.Debug|x86.Build.0 = Debug|Any CPU
		{F53BFCAD-E097-4D8E-8617-44FEB1DDFFD2}.Release|Any CPU.ActiveCfg = Release|Any CPU
		{F53BFCAD-E097-4D8E-8617-44FEB1DDFFD2}.Release|Any CPU.Build.0 = Release|Any CPU
		{F53BFCAD-E097-4D8E-8617-44FEB1DDFFD2}.Release|x64.ActiveCfg = Release|Any CPU
		{F53BFCAD-E097-4D8E-8617-44FEB1DDFFD2}.Release|x64.Build.0 = Release|Any CPU
		{F53BFCAD-E097-4D8E-8617-44FEB1DDFFD2}.Release|x86.ActiveCfg = Release|Any CPU
		{F53BFCAD-E097-4D8E-8617-44FEB1DDFFD2}.Release|x86.Build.0 = Release|Any CPU
		{B954CF41-9682-4127-A49A-22FC77C1A4D6}.Debug|Any CPU.ActiveCfg = Debug|Any CPU
		{B954CF41-9682-4127-A49A-22FC77C1A4D6}.Debug|Any CPU.Build.0 = Debug|Any CPU
		{B954CF41-9682-4127-A49A-22FC77C1A4D6}.Debug|x64.ActiveCfg = Debug|Any CPU
		{B954CF41-9682-4127-A49A-22FC77C1A4D6}.Debug|x64.Build.0 = Debug|Any CPU
		{B954CF41-9682-4127-A49A-22FC77C1A4D6}.Debug|x86.ActiveCfg = Debug|Any CPU
		{B954CF41-9682-4127-A49A-22FC77C1A4D6}.Debug|x86.Build.0 = Debug|Any CPU
		{B954CF41-9682-4127-A49A-22FC77C1A4D6}.Release|Any CPU.ActiveCfg = Release|Any CPU
		{B954CF41-9682-4127-A49A-22FC77C1A4D6}.Release|Any CPU.Build.0 = Release|Any CPU
		{B954CF41-9682-4127-A49A-22FC77C1A4D6}.Release|x64.ActiveCfg = Release|Any CPU
		{B954CF41-9682-4127-A49A-22FC77C1A4D6}.Release|x64.Build.0 = Release|Any CPU
		{B954CF41-9682-4127-A49A-22FC77C1A4D6}.Release|x86.ActiveCfg = Release|Any CPU
		{B954CF41-9682-4127-A49A-22FC77C1A4D6}.Release|x86.Build.0 = Release|Any CPU
		{CD56678F-4D1A-4AD9-AF54-3B4AAC31B5CE}.Debug|Any CPU.ActiveCfg = Debug|Any CPU
		{CD56678F-4D1A-4AD9-AF54-3B4AAC31B5CE}.Debug|Any CPU.Build.0 = Debug|Any CPU
		{CD56678F-4D1A-4AD9-AF54-3B4AAC31B5CE}.Debug|x64.ActiveCfg = Debug|Any CPU
		{CD56678F-4D1A-4AD9-AF54-3B4AAC31B5CE}.Debug|x64.Build.0 = Debug|Any CPU
		{CD56678F-4D1A-4AD9-AF54-3B4AAC31B5CE}.Debug|x86.ActiveCfg = Debug|Any CPU
		{CD56678F-4D1A-4AD9-AF54-3B4AAC31B5CE}.Debug|x86.Build.0 = Debug|Any CPU
		{CD56678F-4D1A-4AD9-AF54-3B4AAC31B5CE}.Release|Any CPU.ActiveCfg = Release|Any CPU
		{CD56678F-4D1A-4AD9-AF54-3B4AAC31B5CE}.Release|Any CPU.Build.0 = Release|Any CPU
		{CD56678F-4D1A-4AD9-AF54-3B4AAC31B5CE}.Release|x64.ActiveCfg = Release|Any CPU
		{CD56678F-4D1A-4AD9-AF54-3B4AAC31B5CE}.Release|x64.Build.0 = Release|Any CPU
		{CD56678F-4D1A-4AD9-AF54-3B4AAC31B5CE}.Release|x86.ActiveCfg = Release|Any CPU
		{CD56678F-4D1A-4AD9-AF54-3B4AAC31B5CE}.Release|x86.Build.0 = Release|Any CPU
		{9A122EE4-108F-4AC4-AC6B-E790B6512521}.Debug|Any CPU.ActiveCfg = Debug|Any CPU
		{9A122EE4-108F-4AC4-AC6B-E790B6512521}.Debug|Any CPU.Build.0 = Debug|Any CPU
		{9A122EE4-108F-4AC4-AC6B-E790B6512521}.Debug|x64.ActiveCfg = Debug|Any CPU
		{9A122EE4-108F-4AC4-AC6B-E790B6512521}.Debug|x64.Build.0 = Debug|Any CPU
		{9A122EE4-108F-4AC4-AC6B-E790B6512521}.Debug|x86.ActiveCfg = Debug|Any CPU
		{9A122EE4-108F-4AC4-AC6B-E790B6512521}.Debug|x86.Build.0 = Debug|Any CPU
		{9A122EE4-108F-4AC4-AC6B-E790B6512521}.Release|Any CPU.ActiveCfg = Release|Any CPU
		{9A122EE4-108F-4AC4-AC6B-E790B6512521}.Release|Any CPU.Build.0 = Release|Any CPU
		{9A122EE4-108F-4AC4-AC6B-E790B6512521}.Release|x64.ActiveCfg = Release|Any CPU
		{9A122EE4-108F-4AC4-AC6B-E790B6512521}.Release|x64.Build.0 = Release|Any CPU
		{9A122EE4-108F-4AC4-AC6B-E790B6512521}.Release|x86.ActiveCfg = Release|Any CPU
		{9A122EE4-108F-4AC4-AC6B-E790B6512521}.Release|x86.Build.0 = Release|Any CPU
		{D99D8EDF-EA86-4B34-BDD2-BECC3F2DBEBD}.Debug|Any CPU.ActiveCfg = Debug|Any CPU
		{D99D8EDF-EA86-4B34-BDD2-BECC3F2DBEBD}.Debug|Any CPU.Build.0 = Debug|Any CPU
		{D99D8EDF-EA86-4B34-BDD2-BECC3F2DBEBD}.Debug|x64.ActiveCfg = Debug|Any CPU
		{D99D8EDF-EA86-4B34-BDD2-BECC3F2DBEBD}.Debug|x64.Build.0 = Debug|Any CPU
		{D99D8EDF-EA86-4B34-BDD2-BECC3F2DBEBD}.Debug|x86.ActiveCfg = Debug|Any CPU
		{D99D8EDF-EA86-4B34-BDD2-BECC3F2DBEBD}.Debug|x86.Build.0 = Debug|Any CPU
		{D99D8EDF-EA86-4B34-BDD2-BECC3F2DBEBD}.Release|Any CPU.ActiveCfg = Release|Any CPU
		{D99D8EDF-EA86-4B34-BDD2-BECC3F2DBEBD}.Release|Any CPU.Build.0 = Release|Any CPU
		{D99D8EDF-EA86-4B34-BDD2-BECC3F2DBEBD}.Release|x64.ActiveCfg = Release|Any CPU
		{D99D8EDF-EA86-4B34-BDD2-BECC3F2DBEBD}.Release|x64.Build.0 = Release|Any CPU
		{D99D8EDF-EA86-4B34-BDD2-BECC3F2DBEBD}.Release|x86.ActiveCfg = Release|Any CPU
		{D99D8EDF-EA86-4B34-BDD2-BECC3F2DBEBD}.Release|x86.Build.0 = Release|Any CPU
		{6B04B9CA-4DC1-45F0-9A4A-18C3BBB45F67}.Debug|Any CPU.ActiveCfg = Debug|Any CPU
		{6B04B9CA-4DC1-45F0-9A4A-18C3BBB45F67}.Debug|Any CPU.Build.0 = Debug|Any CPU
		{6B04B9CA-4DC1-45F0-9A4A-18C3BBB45F67}.Debug|x64.ActiveCfg = Debug|Any CPU
		{6B04B9CA-4DC1-45F0-9A4A-18C3BBB45F67}.Debug|x64.Build.0 = Debug|Any CPU
		{6B04B9CA-4DC1-45F0-9A4A-18C3BBB45F67}.Debug|x86.ActiveCfg = Debug|Any CPU
		{6B04B9CA-4DC1-45F0-9A4A-18C3BBB45F67}.Debug|x86.Build.0 = Debug|Any CPU
		{6B04B9CA-4DC1-45F0-9A4A-18C3BBB45F67}.Release|Any CPU.ActiveCfg = Release|Any CPU
		{6B04B9CA-4DC1-45F0-9A4A-18C3BBB45F67}.Release|Any CPU.Build.0 = Release|Any CPU
		{6B04B9CA-4DC1-45F0-9A4A-18C3BBB45F67}.Release|x64.ActiveCfg = Release|Any CPU
		{6B04B9CA-4DC1-45F0-9A4A-18C3BBB45F67}.Release|x64.Build.0 = Release|Any CPU
		{6B04B9CA-4DC1-45F0-9A4A-18C3BBB45F67}.Release|x86.ActiveCfg = Release|Any CPU
		{6B04B9CA-4DC1-45F0-9A4A-18C3BBB45F67}.Release|x86.Build.0 = Release|Any CPU
	EndGlobalSection
	GlobalSection(SolutionProperties) = preSolution
		HideSolutionNode = FALSE
	EndGlobalSection
	GlobalSection(NestedProjects) = preSolution
		{891BEFE8-5623-4CA0-84F4-C2999A6C2911} = {827E0CD3-B72D-47B6-A68D-7590B98EB39B}
		{F53BFCAD-E097-4D8E-8617-44FEB1DDFFD2} = {0AB3BF05-4346-4AA6-1389-037BE0695223}
		{B954CF41-9682-4127-A49A-22FC77C1A4D6} = {827E0CD3-B72D-47B6-A68D-7590B98EB39B}
		{CD56678F-4D1A-4AD9-AF54-3B4AAC31B5CE} = {827E0CD3-B72D-47B6-A68D-7590B98EB39B}
		{9A122EE4-108F-4AC4-AC6B-E790B6512521} = {827E0CD3-B72D-47B6-A68D-7590B98EB39B}
		{D99D8EDF-EA86-4B34-BDD2-BECC3F2DBEBD} = {827E0CD3-B72D-47B6-A68D-7590B98EB39B}
		{6B04B9CA-4DC1-45F0-9A4A-18C3BBB45F67} = {827E0CD3-B72D-47B6-A68D-7590B98EB39B}
	EndGlobalSection
EndGlobal
